
Microsoft Visual Studio Solution File, Format Version 12.00
# Visual Studio Version 17
VisualStudioVersion = 17.7.34202.233
MinimumVisualStudioVersion = 10.0.40219.1
Project("{FAE04EC0-301F-11D3-BF4B-00C04F79EFBC}") = "DataDashboard", "DataDashboard\DataDashboard.csproj", "{476991DB-5373-492E-ABB1-19D27B5AAC1F}"
EndProject
Global
	GlobalSection(SolutionConfigurationPlatforms) = preSolution
		Debug|Any CPU = Debug|Any CPU
		Release|Any CPU = Release|Any CPU
	EndGlobalSection
	GlobalSection(ProjectConfigurationPlatforms) = postSolution
		{476991DB-5373-492E-ABB1-19D27B5AAC1F}.Debug|Any CPU.ActiveCfg = Debug|Any CPU
		{476991DB-5373-492E-ABB1-19D27B5AAC1F}.Debug|Any CPU.Build.0 = Debug|Any CPU
		{476991DB-5373-492E-ABB1-19D27B5AAC1F}.Release|Any CPU.ActiveCfg = Release|Any CPU
		{476991DB-5373-492E-ABB1-19D27B5AAC1F}.Release|Any CPU.Build.0 = Release|Any CPU
	EndGlobalSection
	GlobalSection(SolutionProperties) = preSolution
		HideSolutionNode = FALSE
	EndGlobalSection
	GlobalSection(ExtensibilityGlobals) = postSolution
		SolutionGuid = {AFB4A373-B5A8-4351-8E10-0E859E7B2207}
	EndGlobalSection
EndGlobal
